// !$*UTF8*$!
{
	archiveVersion = 1;
	classes = {
	};
	objectVersion = 46;
	objects = {

/* Begin PBXBuildFile section */
		490549BD1F4090E100A48977 /* CollageView.swift in Sources */ = {isa = PBXBuildFile; fileRef = 490549BC1F4090E100A48977 /* CollageView.swift */; };
		490549BF1F40910500A48977 /* CollageView.xib in Resources */ = {isa = PBXBuildFile; fileRef = 490549BE1F40910500A48977 /* CollageView.xib */; };
		494CD8CE1F3E52AD00FD6375 /* Main.storyboard in Resources */ = {isa = PBXBuildFile; fileRef = 494CD8CA1F3E52AC00FD6375 /* Main.storyboard */; };
		494CD8CF1F3E52AD00FD6375 /* LaunchScreen.storyboard in Resources */ = {isa = PBXBuildFile; fileRef = 494CD8CC1F3E52AC00FD6375 /* LaunchScreen.storyboard */; };
		49503B531F3F92FD00D3C84C /* PreorderedViewController.swift in Sources */ = {isa = PBXBuildFile; fileRef = 49503B521F3F92FD00D3C84C /* PreorderedViewController.swift */; };
		49FCF1471F3E51B70079D0D1 /* CustomLayout.swift in Sources */ = {isa = PBXBuildFile; fileRef = 49FCF1461F3E51B70079D0D1 /* CustomLayout.swift */; };
		49FCF14C1F3E51FF0079D0D1 /* ViewController.swift in Sources */ = {isa = PBXBuildFile; fileRef = 49FCF14B1F3E51FF0079D0D1 /* ViewController.swift */; };
		60FE24FF1EA3AFC2000F21DF /* AppDelegate.swift in Sources */ = {isa = PBXBuildFile; fileRef = 60FE24FE1EA3AFC2000F21DF /* AppDelegate.swift */; };
		60FE25061EA3AFC2000F21DF /* Assets.xcassets in Resources */ = {isa = PBXBuildFile; fileRef = 60FE25051EA3AFC2000F21DF /* Assets.xcassets */; };
		60FE25141EA3B10E000F21DF /* BaseCollectionCell.swift in Sources */ = {isa = PBXBuildFile; fileRef = 60FE25131EA3B10E000F21DF /* BaseCollectionCell.swift */; };
		60FE25161EA3B13A000F21DF /* AddImageCell.swift in Sources */ = {isa = PBXBuildFile; fileRef = 60FE25151EA3B13A000F21DF /* AddImageCell.swift */; };
		60FE25181EA3B146000F21DF /* LiveImageCell.swift in Sources */ = {isa = PBXBuildFile; fileRef = 60FE25171EA3B146000F21DF /* LiveImageCell.swift */; };
/* End PBXBuildFile section */

/* Begin PBXFileReference section */
		490549BC1F4090E100A48977 /* CollageView.swift */ = {isa = PBXFileReference; lastKnownFileType = sourcecode.swift; path = CollageView.swift; sourceTree = "<group>"; };
		490549BE1F40910500A48977 /* CollageView.xib */ = {isa = PBXFileReference; lastKnownFileType = file.xib; path = CollageView.xib; sourceTree = "<group>"; };
		494CD8CB1F3E52AC00FD6375 /* Base */ = {isa = PBXFileReference; lastKnownFileType = file.storyboard; name = Base; path = Base.lproj/Main.storyboard; sourceTree = "<group>"; };
		494CD8CD1F3E52AC00FD6375 /* Base */ = {isa = PBXFileReference; lastKnownFileType = file.storyboard; name = Base; path = Base.lproj/LaunchScreen.storyboard; sourceTree = "<group>"; };
		49503B521F3F92FD00D3C84C /* PreorderedViewController.swift */ = {isa = PBXFileReference; fileEncoding = 4; lastKnownFileType = sourcecode.swift; path = PreorderedViewController.swift; sourceTree = "<group>"; };
		49FCF1461F3E51B70079D0D1 /* CustomLayout.swift */ = {isa = PBXFileReference; fileEncoding = 4; lastKnownFileType = sourcecode.swift; name = CustomLayout.swift; path = Layouts/CustomLayout.swift; sourceTree = "<group>"; };
		49FCF14B1F3E51FF0079D0D1 /* ViewController.swift */ = {isa = PBXFileReference; fileEncoding = 4; lastKnownFileType = sourcecode.swift; path = ViewController.swift; sourceTree = "<group>"; };
		60FE24FB1EA3AFC2000F21DF /* LiveCollage.app */ = {isa = PBXFileReference; explicitFileType = wrapper.application; includeInIndex = 0; path = LiveCollage.app; sourceTree = BUILT_PRODUCTS_DIR; };
		60FE24FE1EA3AFC2000F21DF /* AppDelegate.swift */ = {isa = PBXFileReference; lastKnownFileType = sourcecode.swift; path = AppDelegate.swift; sourceTree = "<group>"; };
		60FE25051EA3AFC2000F21DF /* Assets.xcassets */ = {isa = PBXFileReference; lastKnownFileType = folder.assetcatalog; path = Assets.xcassets; sourceTree = "<group>"; };
		60FE250A1EA3AFC2000F21DF /* Info.plist */ = {isa = PBXFileReference; lastKnownFileType = text.plist.xml; path = Info.plist; sourceTree = "<group>"; };
		60FE25131EA3B10E000F21DF /* BaseCollectionCell.swift */ = {isa = PBXFileReference; fileEncoding = 4; lastKnownFileType = sourcecode.swift; path = BaseCollectionCell.swift; sourceTree = "<group>"; };
		60FE25151EA3B13A000F21DF /* AddImageCell.swift */ = {isa = PBXFileReference; fileEncoding = 4; lastKnownFileType = sourcecode.swift; path = AddImageCell.swift; sourceTree = "<group>"; };
		60FE25171EA3B146000F21DF /* LiveImageCell.swift */ = {isa = PBXFileReference; fileEncoding = 4; lastKnownFileType = sourcecode.swift; path = LiveImageCell.swift; sourceTree = "<group>"; };
/* End PBXFileReference section */

/* Begin PBXFrameworksBuildPhase section */
		60FE24F81EA3AFC2000F21DF /* Frameworks */ = {
			isa = PBXFrameworksBuildPhase;
			buildActionMask = 2147483647;
			files = (
			);
			runOnlyForDeploymentPostprocessing = 0;
		};
/* End PBXFrameworksBuildPhase section */

/* Begin PBXGroup section */
		49FCF1451F3E518E0079D0D1 /* Layouts */ = {
			isa = PBXGroup;
			children = (
				49FCF1461F3E51B70079D0D1 /* CustomLayout.swift */,
			);
			name = Layouts;
			sourceTree = "<group>";
		};
		49FCF14A1F3E51FF0079D0D1 /* Controllers */ = {
			isa = PBXGroup;
			children = (
				49FCF14B1F3E51FF0079D0D1 /* ViewController.swift */,
				49503B521F3F92FD00D3C84C /* PreorderedViewController.swift */,
			);
			path = Controllers;
			sourceTree = "<group>";
		};
		60FE24F21EA3AFC2000F21DF = {
			isa = PBXGroup;
			children = (
				60FE24FD1EA3AFC2000F21DF /* LiveCollage */,
				60FE24FC1EA3AFC2000F21DF /* Products */,
			);
			sourceTree = "<group>";
		};
		60FE24FC1EA3AFC2000F21DF /* Products */ = {
			isa = PBXGroup;
			children = (
				60FE24FB1EA3AFC2000F21DF /* LiveCollage.app */,
			);
			name = Products;
			sourceTree = "<group>";
		};
		60FE24FD1EA3AFC2000F21DF /* LiveCollage */ = {
			isa = PBXGroup;
			children = (
				494CD8CC1F3E52AC00FD6375 /* LaunchScreen.storyboard */,
				494CD8CA1F3E52AC00FD6375 /* Main.storyboard */,
				60FE25101EA3B0F0000F21DF /* Cells */,
				49FCF14A1F3E51FF0079D0D1 /* Controllers */,
				49FCF1451F3E518E0079D0D1 /* Layouts */,
				60FE25121EA3B0F0000F21DF /* Views */,
				60FE24FE1EA3AFC2000F21DF /* AppDelegate.swift */,
				60FE25051EA3AFC2000F21DF /* Assets.xcassets */,
				60FE250A1EA3AFC2000F21DF /* Info.plist */,
			);
			path = LiveCollage;
			sourceTree = "<group>";
		};
		60FE25101EA3B0F0000F21DF /* Cells */ = {
			isa = PBXGroup;
			children = (
				60FE25131EA3B10E000F21DF /* BaseCollectionCell.swift */,
				60FE25151EA3B13A000F21DF /* AddImageCell.swift */,
				60FE25171EA3B146000F21DF /* LiveImageCell.swift */,
			);
			path = Cells;
			sourceTree = "<group>";
		};
		60FE25121EA3B0F0000F21DF /* Views */ = {
			isa = PBXGroup;
			children = (
				490549BC1F4090E100A48977 /* CollageView.swift */,
				490549BE1F40910500A48977 /* CollageView.xib */,
			);
			path = Views;
			sourceTree = "<group>";
		};
/* End PBXGroup section */

/* Begin PBXNativeTarget section */
		60FE24FA1EA3AFC2000F21DF /* LiveCollage */ = {
			isa = PBXNativeTarget;
			buildConfigurationList = 60FE250D1EA3AFC2000F21DF /* Build configuration list for PBXNativeTarget "LiveCollage" */;
			buildPhases = (
				60FE24F71EA3AFC2000F21DF /* Sources */,
				60FE24F81EA3AFC2000F21DF /* Frameworks */,
				60FE24F91EA3AFC2000F21DF /* Resources */,
			);
			buildRules = (
			);
			dependencies = (
			);
			name = LiveCollage;
			productName = LiveCollage;
			productReference = 60FE24FB1EA3AFC2000F21DF /* LiveCollage.app */;
			productType = "com.apple.product-type.application";
		};
/* End PBXNativeTarget section */

/* Begin PBXProject section */
		60FE24F31EA3AFC2000F21DF /* Project object */ = {
			isa = PBXProject;
			attributes = {
				LastSwiftUpdateCheck = 0830;
				LastUpgradeCheck = 0830;
				ORGANIZATIONNAME = M2Media;
				TargetAttributes = {
					60FE24FA1EA3AFC2000F21DF = {
						CreatedOnToolsVersion = 8.3.1;
						DevelopmentTeam = 9ZM7UP9YG8;
						ProvisioningStyle = Automatic;
					};
				};
			};
			buildConfigurationList = 60FE24F61EA3AFC2000F21DF /* Build configuration list for PBXProject "LiveCollage" */;
			compatibilityVersion = "Xcode 3.2";
			developmentRegion = English;
			hasScannedForEncodings = 0;
			knownRegions = (
				en,
				Base,
			);
			mainGroup = 60FE24F21EA3AFC2000F21DF;
			productRefGroup = 60FE24FC1EA3AFC2000F21DF /* Products */;
			projectDirPath = "";
			projectRoot = "";
			targets = (
				60FE24FA1EA3AFC2000F21DF /* LiveCollage */,
			);
		};
/* End PBXProject section */

/* Begin PBXResourcesBuildPhase section */
		60FE24F91EA3AFC2000F21DF /* Resources */ = {
			isa = PBXResourcesBuildPhase;
			buildActionMask = 2147483647;
			files = (
				494CD8CF1F3E52AD00FD6375 /* LaunchScreen.storyboard in Resources */,
				60FE25061EA3AFC2000F21DF /* Assets.xcassets in Resources */,
				490549BF1F40910500A48977 /* CollageView.xib in Resources */,
				494CD8CE1F3E52AD00FD6375 /* Main.storyboard in Resources */,
			);
			runOnlyForDeploymentPostprocessing = 0;
		};
/* End PBXResourcesBuildPhase section */

/* Begin PBXSourcesBuildPhase section */
		60FE24F71EA3AFC2000F21DF /* Sources */ = {
			isa = PBXSourcesBuildPhase;
			buildActionMask = 2147483647;
			files = (
				49FCF14C1F3E51FF0079D0D1 /* ViewController.swift in Sources */,
				49FCF1471F3E51B70079D0D1 /* CustomLayout.swift in Sources */,
				60FE25181EA3B146000F21DF /* LiveImageCell.swift in Sources */,
				60FE25161EA3B13A000F21DF /* AddImageCell.swift in Sources */,
				60FE25141EA3B10E000F21DF /* BaseCollectionCell.swift in Sources */,
				60FE24FF1EA3AFC2000F21DF /* AppDelegate.swift in Sources */,
				490549BD1F4090E100A48977 /* CollageView.swift in Sources */,
				49503B531F3F92FD00D3C84C /* PreorderedViewController.swift in Sources */,
			);
			runOnlyForDeploymentPostprocessing = 0;
		};
/* End PBXSourcesBuildPhase section */

/* Begin PBXVariantGroup section */
		494CD8CA1F3E52AC00FD6375 /* Main.storyboard */ = {
			isa = PBXVariantGroup;
			children = (
				494CD8CB1F3E52AC00FD6375 /* Base */,
			);
			name = Main.storyboard;
			sourceTree = "<group>";
		};
		494CD8CC1F3E52AC00FD6375 /* LaunchScreen.storyboard */ = {
			isa = PBXVariantGroup;
			children = (
				494CD8CD1F3E52AC00FD6375 /* Base */,
			);
			name = LaunchScreen.storyboard;
			sourceTree = "<group>";
		};
/* End PBXVariantGroup section */

/* Begin XCBuildConfiguration section */
		60FE250B1EA3AFC2000F21DF /* Debug */ = {
			isa = XCBuildConfiguration;
			buildSettings = {
				ALWAYS_SEARCH_USER_PATHS = NO;
				CLANG_ANALYZER_NONNULL = YES;
				CLANG_ANALYZER_NUMBER_OBJECT_CONVERSION = YES_AGGRESSIVE;
				CLANG_CXX_LANGUAGE_STANDARD = "gnu++0x";
				CLANG_CXX_LIBRARY = "libc++";
				CLANG_ENABLE_MODULES = YES;
				CLANG_ENABLE_OBJC_ARC = YES;
				CLANG_WARN_BOOL_CONVERSION = YES;
				CLANG_WARN_CONSTANT_CONVERSION = YES;
				CLANG_WARN_DIRECT_OBJC_ISA_USAGE = YES_ERROR;
				CLANG_WARN_DOCUMENTATION_COMMENTS = YES;
				CLANG_WARN_EMPTY_BODY = YES;
				CLANG_WARN_ENUM_CONVERSION = YES;
				CLANG_WARN_INFINITE_RECURSION = YES;
				CLANG_WARN_INT_CONVERSION = YES;
				CLANG_WARN_OBJC_ROOT_CLASS = YES_ERROR;
				CLANG_WARN_SUSPICIOUS_MOVE = YES;
				CLANG_WARN_UNREACHABLE_CODE = YES;
				CLANG_WARN__DUPLICATE_METHOD_MATCH = YES;
				"CODE_SIGN_IDENTITY[sdk=iphoneos*]" = "iPhone Developer";
				COPY_PHASE_STRIP = NO;
				DEBUG_INFORMATION_FORMAT = dwarf;
				ENABLE_STRICT_OBJC_MSGSEND = YES;
				ENABLE_TESTABILITY = YES;
				GCC_C_LANGUAGE_STANDARD = gnu99;
				GCC_DYNAMIC_NO_PIC = NO;
				GCC_NO_COMMON_BLOCKS = YES;
				GCC_OPTIMIZATION_LEVEL = 0;
				GCC_PREPROCESSOR_DEFINITIONS = (
					"DEBUG=1",
					"$(inherited)",
				);
				GCC_WARN_64_TO_32_BIT_CONVERSION = YES;
				GCC_WARN_ABOUT_RETURN_TYPE = YES_ERROR;
				GCC_WARN_UNDECLARED_SELECTOR = YES;
				GCC_WARN_UNINITIALIZED_AUTOS = YES_AGGRESSIVE;
				GCC_WARN_UNUSED_FUNCTION = YES;
				GCC_WARN_UNUSED_VARIABLE = YES;
				IPHONEOS_DEPLOYMENT_TARGET = 10.3;
				MTL_ENABLE_DEBUG_INFO = YES;
				ONLY_ACTIVE_ARCH = YES;
				SDKROOT = iphoneos;
				SWIFT_ACTIVE_COMPILATION_CONDITIONS = DEBUG;
				SWIFT_OPTIMIZATION_LEVEL = "-Onone";
			};
			name = Debug;
		};
		60FE250C1EA3AFC2000F21DF /* Release */ = {
			isa = XCBuildConfiguration;
			buildSettings = {
				ALWAYS_SEARCH_USER_PATHS = NO;
				CLANG_ANALYZER_NONNULL = YES;
				CLANG_ANALYZER_NUMBER_OBJECT_CONVERSION = YES_AGGRESSIVE;
				CLANG_CXX_LANGUAGE_STANDARD = "gnu++0x";
				CLANG_CXX_LIBRARY = "libc++";
				CLANG_ENABLE_MODULES = YES;
				CLANG_ENABLE_OBJC_ARC = YES;
				CLANG_WARN_BOOL_CONVERSION = YES;
				CLANG_WARN_CONSTANT_CONVERSION = YES;
				CLANG_WARN_DIRECT_OBJC_ISA_USAGE = YES_ERROR;
				CLANG_WARN_DOCUMENTATION_COMMENTS = YES;
				CLANG_WARN_EMPTY_BODY = YES;
				CLANG_WARN_ENUM_CONVERSION = YES;
				CLANG_WARN_INFINITE_RECURSION = YES;
				CLANG_WARN_INT_CONVERSION = YES;
				CLANG_WARN_OBJC_ROOT_CLASS = YES_ERROR;
				CLANG_WARN_SUSPICIOUS_MOVE = YES;
				CLANG_WARN_UNREACHABLE_CODE = YES;
				CLANG_WARN__DUPLICATE_METHOD_MATCH = YES;
				"CODE_SIGN_IDENTITY[sdk=iphoneos*]" = "iPhone Developer";
				COPY_PHASE_STRIP = NO;
				DEBUG_INFORMATION_FORMAT = "dwarf-with-dsym";
				ENABLE_NS_ASSERTIONS = NO;
				ENABLE_STRICT_OBJC_MSGSEND = YES;
				GCC_C_LANGUAGE_STANDARD = gnu99;
				GCC_NO_COMMON_BLOCKS = YES;
				GCC_WARN_64_TO_32_BIT_CONVERSION = YES;
				GCC_WARN_ABOUT_RETURN_TYPE = YES_ERROR;
				GCC_WARN_UNDECLARED_SELECTOR = YES;
				GCC_WARN_UNINITIALIZED_AUTOS = YES_AGGRESSIVE;
				GCC_WARN_UNUSED_FUNCTION = YES;
				GCC_WARN_UNUSED_VARIABLE = YES;
				IPHONEOS_DEPLOYMENT_TARGET = 10.3;
				MTL_ENABLE_DEBUG_INFO = NO;
				SDKROOT = iphoneos;
				SWIFT_OPTIMIZATION_LEVEL = "-Owholemodule";
				VALIDATE_PRODUCT = YES;
			};
			name = Release;
		};
		60FE250E1EA3AFC2000F21DF /* Debug */ = {
			isa = XCBuildConfiguration;
			buildSettings = {
				ASSETCATALOG_COMPILER_APPICON_NAME = AppIcon;
				DEVELOPMENT_TEAM = 9ZM7UP9YG8;
				INFOPLIST_FILE = LiveCollage/Info.plist;
				IPHONEOS_DEPLOYMENT_TARGET = 11.0;
				LD_RUNPATH_SEARCH_PATHS = "$(inherited) @executable_path/Frameworks";
				PRODUCT_BUNDLE_IDENTIFIER = com.m2media.LiveCollage;
				PRODUCT_NAME = "$(TARGET_NAME)";
				SWIFT_VERSION = 3.0;
			};
			name = Debug;
		};
		60FE250F1EA3AFC2000F21DF /* Release */ = {
			isa = XCBuildConfiguration;
			buildSettings = {
				ASSETCATALOG_COMPILER_APPICON_NAME = AppIcon;
				DEVELOPMENT_TEAM = 9ZM7UP9YG8;
				INFOPLIST_FILE = LiveCollage/Info.plist;
				IPHONEOS_DEPLOYMENT_TARGET = 11.0;
				LD_RUNPATH_SEARCH_PATHS = "$(inherited) @executable_path/Frameworks";
				PRODUCT_BUNDLE_IDENTIFIER = com.m2media.LiveCollage;
				PRODUCT_NAME = "$(TARGET_NAME)";
				SWIFT_VERSION = 3.0;
			};
			name = Release;
		};
/* End XCBuildConfiguration section */

/* Begin XCConfigurationList section */
		60FE24F61EA3AFC2000F21DF /* Build configuration list for PBXProject "LiveCollage" */ = {
			isa = XCConfigurationList;
			buildConfigurations = (
				60FE250B1EA3AFC2000F21DF /* Debug */,
				60FE250C1EA3AFC2000F21DF /* Release */,
			);
			defaultConfigurationIsVisible = 0;
			defaultConfigurationName = Release;
		};
		60FE250D1EA3AFC2000F21DF /* Build configuration list for PBXNativeTarget "LiveCollage" */ = {
			isa = XCConfigurationList;
			buildConfigurations = (
				60FE250E1EA3AFC2000F21DF /* Debug */,
				60FE250F1EA3AFC2000F21DF /* Release */,
			);
			defaultConfigurationIsVisible = 0;
			defaultConfigurationName = Release;
		};
/* End XCConfigurationList section */
	};
	rootObject = 60FE24F31EA3AFC2000F21DF /* Project object */;
}
